
Microsoft Visual Studio Solution File, Format Version 11.00
# Visual Studio 2010
Project("{8BC9CEB8-8B4A-11D0-8D11-00A0C91BC942}") = "VS2010Project", "VS2010Project\VS2010Project.vcxproj", "{C7B1016C-74AA-4D49-B64C-E3704B920B33}"
EndProject
Global
	GlobalSection(SolutionConfigurationPlatforms) = preSolution
		Debug|Win32 = Debug|Win32
		Release|Win32 = Release|Win32
	EndGlobalSection
	GlobalSection(ProjectConfigurationPlatforms) = postSolution
		{C7B1016C-74AA-4D49-B64C-E3704B920B33}.Debug|Win32.ActiveCfg = Debug|Win32
		{C7B1016C-74AA-4D49-B64C-E3704B920B33}.Debug|Win32.Build.0 = Debug|Win32
		{C7B1016C-74AA-4D49-B64C-E3704B920B33}.Release|Win32.ActiveCfg = Release|Win32
		{C7B1016C-74AA-4D49-B64C-E3704B920B33}.Release|Win32.Build.0 = Release|Win32
	EndGlobalSection
	GlobalSection(SolutionProperties) = preSolution
		HideSolutionNode = FALSE
	EndGlobalSection
EndGlobal
